
Microsoft Visual Studio Solution File, Format Version 12.00
# Visual Studio Version 16
VisualStudioVersion = 16.0.31005.135
MinimumVisualStudioVersion = 10.0.40219.1
Project("{FAE04EC0-301F-11D3-BF4B-00C04F79EFBC}") = "week06", "week06\week06.csproj", "{746D6171-752A-42E1-80D9-0427C94CC089}"
EndProject
Global
	GlobalSection(SolutionConfigurationPlatforms) = preSolution
		Debug|Any CPU = Debug|Any CPU
		Release|Any CPU = Release|Any CPU
	EndGlobalSection
	GlobalSection(ProjectConfigurationPlatforms) = postSolution
		{746D6171-752A-42E1-80D9-0427C94CC089}.Debug|Any CPU.ActiveCfg = Debug|Any CPU
		{746D6171-752A-42E1-80D9-0427C94CC089}.Debug|Any CPU.Build.0 = Debug|Any CPU
		{746D6171-752A-42E1-80D9-0427C94CC089}.Release|Any CPU.ActiveCfg = Release|Any CPU
		{746D6171-752A-42E1-80D9-0427C94CC089}.Release|Any CPU.Build.0 = Release|Any CPU
	EndGlobalSection
	GlobalSection(SolutionProperties) = preSolution
		HideSolutionNode = FALSE
	EndGlobalSection
	GlobalSection(ExtensibilityGlobals) = postSolution
		SolutionGuid = {C0241217-DBAF-44E1-9654-E805D3B769AE}
	EndGlobalSection
EndGlobal
